
Microsoft Visual Studio Solution File, Format Version 12.00
# Visual Studio Version 16
VisualStudioVersion = 16.0.31105.61
MinimumVisualStudioVersion = 10.0.40219.1
Project("{FAE04EC0-301F-11D3-BF4B-00C04F79EFBC}") = "Genarics", "CSharpAdvance\Genarics.csproj", "{0C29118B-ED86-4AA4-807F-078389D9E799}"
EndProject
Project("{FAE04EC0-301F-11D3-BF4B-00C04F79EFBC}") = "Delegates", "Delegates\Delegates.csproj", "{1ED232D3-5898-4371-A753-E5B40964A2A4}"
EndProject
Project("{FAE04EC0-301F-11D3-BF4B-00C04F79EFBC}") = "Lambda Expressions", "Lambda Expressions\Lambda Expressions.csproj", "{DE80E2C3-0C3A-4ED6-8A60-BA86F402D698}"
EndProject
Project("{FAE04EC0-301F-11D3-BF4B-00C04F79EFBC}") = "EventsAndDelegates", "EventsAndDelegates\EventsAndDelegates.csproj", "{9C95FE8C-5FED-4D57-9C67-55FE93F92D6B}"
EndProject
Global
	GlobalSection(SolutionConfigurationPlatforms) = preSolution
		Debug|Any CPU = Debug|Any CPU
		Release|Any CPU = Release|Any CPU
	EndGlobalSection
	GlobalSection(ProjectConfigurationPlatforms) = postSolution
		{0C29118B-ED86-4AA4-807F-078389D9E799}.Debug|Any CPU.ActiveCfg = Debug|Any CPU
		{0C29118B-ED86-4AA4-807F-078389D9E799}.Debug|Any CPU.Build.0 = Debug|Any CPU
		{0C29118B-ED86-4AA4-807F-078389D9E799}.Release|Any CPU.ActiveCfg = Release|Any CPU
		{0C29118B-ED86-4AA4-807F-078389D9E799}.Release|Any CPU.Build.0 = Release|Any CPU
		{1ED232D3-5898-4371-A753-E5B40964A2A4}.Debug|Any CPU.ActiveCfg = Debug|Any CPU
		{1ED232D3-5898-4371-A753-E5B40964A2A4}.Debug|Any CPU.Build.0 = Debug|Any CPU
		{1ED232D3-5898-4371-A753-E5B40964A2A4}.Release|Any CPU.ActiveCfg = Release|Any CPU
		{1ED232D3-5898-4371-A753-E5B40964A2A4}.Release|Any CPU.Build.0 = Release|Any CPU
		{DE80E2C3-0C3A-4ED6-8A60-BA86F402D698}.Debug|Any CPU.ActiveCfg = Debug|Any CPU
		{DE80E2C3-0C3A-4ED6-8A60-BA86F402D698}.Debug|Any CPU.Build.0 = Debug|Any CPU
		{DE80E2C3-0C3A-4ED6-8A60-BA86F402D698}.Release|Any CPU.ActiveCfg = Release|Any CPU
		{DE80E2C3-0C3A-4ED6-8A60-BA86F402D698}.Release|Any CPU.Build.0 = Release|Any CPU
		{9C95FE8C-5FED-4D57-9C67-55FE93F92D6B}.Debug|Any CPU.ActiveCfg = Debug|Any CPU
		{9C95FE8C-5FED-4D57-9C67-55FE93F92D6B}.Debug|Any CPU.Build.0 = Debug|Any CPU
		{9C95FE8C-5FED-4D57-9C67-55FE93F92D6B}.Release|Any CPU.ActiveCfg = Release|Any CPU
		{9C95FE8C-5FED-4D57-9C67-55FE93F92D6B}.Release|Any CPU.Build.0 = Release|Any CPU
	EndGlobalSection
	GlobalSection(SolutionProperties) = preSolution
		HideSolutionNode = FALSE
	EndGlobalSection
	GlobalSection(ExtensibilityGlobals) = postSolution
		SolutionGuid = {76EFE871-7F9A-4136-9389-4954398FF4C3}
	EndGlobalSection
EndGlobal
